// !$*UTF8*$!
{
	archiveVersion = 1;
	classes = {
	};
	objectVersion = 55;
	objects = {

/* Begin PBXBuildFile section */
		ECFA11342798090900AE9C52 /* AppDelegate.swift in Sources */ = {isa = PBXBuildFile; fileRef = ECFA11332798090900AE9C52 /* AppDelegate.swift */; };
		ECFA11362798090900AE9C52 /* SceneDelegate.swift in Sources */ = {isa = PBXBuildFile; fileRef = ECFA11352798090900AE9C52 /* SceneDelegate.swift */; };
		ECFA11382798090900AE9C52 /* ViewController.swift in Sources */ = {isa = PBXBuildFile; fileRef = ECFA11372798090900AE9C52 /* ViewController.swift */; };
		ECFA113B2798090900AE9C52 /* Main.storyboard in Resources */ = {isa = PBXBuildFile; fileRef = ECFA11392798090900AE9C52 /* Main.storyboard */; };
		ECFA113D2798090C00AE9C52 /* Assets.xcassets in Resources */ = {isa = PBXBuildFile; fileRef = ECFA113C2798090C00AE9C52 /* Assets.xcassets */; };
		ECFA11402798090C00AE9C52 /* LaunchScreen.storyboard in Resources */ = {isa = PBXBuildFile; fileRef = ECFA113E2798090C00AE9C52 /* LaunchScreen.storyboard */; };
		ECFA114827980C6A00AE9C52 /* PokemonResponse.swift in Sources */ = {isa = PBXBuildFile; fileRef = ECFA114727980C6A00AE9C52 /* PokemonResponse.swift */; };
		ECFA114A2798102700AE9C52 /* PokemonTableViewCell.swift in Sources */ = {isa = PBXBuildFile; fileRef = ECFA11492798102700AE9C52 /* PokemonTableViewCell.swift */; };
		ECFA114D2798119300AE9C52 /* Alamofire in Frameworks */ = {isa = PBXBuildFile; productRef = ECFA114C2798119300AE9C52 /* Alamofire */; };
		ECFA115027981F3D00AE9C52 /* Kingfisher in Frameworks */ = {isa = PBXBuildFile; productRef = ECFA114F27981F3D00AE9C52 /* Kingfisher */; };
/* End PBXBuildFile section */

/* Begin PBXFileReference section */
		ECFA11302798090900AE9C52 /* Pokeapp.app */ = {isa = PBXFileReference; explicitFileType = wrapper.application; includeInIndex = 0; path = Pokeapp.app; sourceTree = BUILT_PRODUCTS_DIR; };
		ECFA11332798090900AE9C52 /* AppDelegate.swift */ = {isa = PBXFileReference; lastKnownFileType = sourcecode.swift; path = AppDelegate.swift; sourceTree = "<group>"; };
		ECFA11352798090900AE9C52 /* SceneDelegate.swift */ = {isa = PBXFileReference; lastKnownFileType = sourcecode.swift; path = SceneDelegate.swift; sourceTree = "<group>"; };
		ECFA11372798090900AE9C52 /* ViewController.swift */ = {isa = PBXFileReference; lastKnownFileType = sourcecode.swift; path = ViewController.swift; sourceTree = "<group>"; };
		ECFA113A2798090900AE9C52 /* Base */ = {isa = PBXFileReference; lastKnownFileType = file.storyboard; name = Base; path = Base.lproj/Main.storyboard; sourceTree = "<group>"; };
		ECFA113C2798090C00AE9C52 /* Assets.xcassets */ = {isa = PBXFileReference; lastKnownFileType = folder.assetcatalog; path = Assets.xcassets; sourceTree = "<group>"; };
		ECFA113F2798090C00AE9C52 /* Base */ = {isa = PBXFileReference; lastKnownFileType = file.storyboard; name = Base; path = Base.lproj/LaunchScreen.storyboard; sourceTree = "<group>"; };
		ECFA11412798090C00AE9C52 /* Info.plist */ = {isa = PBXFileReference; lastKnownFileType = text.plist.xml; path = Info.plist; sourceTree = "<group>"; };
		ECFA114727980C6A00AE9C52 /* PokemonResponse.swift */ = {isa = PBXFileReference; lastKnownFileType = sourcecode.swift; path = PokemonResponse.swift; sourceTree = "<group>"; };
		ECFA11492798102700AE9C52 /* PokemonTableViewCell.swift */ = {isa = PBXFileReference; lastKnownFileType = sourcecode.swift; path = PokemonTableViewCell.swift; sourceTree = "<group>"; };
/* End PBXFileReference section */

/* Begin PBXFrameworksBuildPhase section */
		ECFA112D2798090900AE9C52 /* Frameworks */ = {
			isa = PBXFrameworksBuildPhase;
			buildActionMask = 2147483647;
			files = (
				ECFA115027981F3D00AE9C52 /* Kingfisher in Frameworks */,
				ECFA114D2798119300AE9C52 /* Alamofire in Frameworks */,
			);
			runOnlyForDeploymentPostprocessing = 0;
		};
/* End PBXFrameworksBuildPhase section */

/* Begin PBXGroup section */
		ECFA11272798090900AE9C52 = {
			isa = PBXGroup;
			children = (
				ECFA11322798090900AE9C52 /* Pokeapp */,
				ECFA11312798090900AE9C52 /* Products */,
			);
			sourceTree = "<group>";
		};
		ECFA11312798090900AE9C52 /* Products */ = {
			isa = PBXGroup;
			children = (
				ECFA11302798090900AE9C52 /* Pokeapp.app */,
			);
			name = Products;
			sourceTree = "<group>";
		};
		ECFA11322798090900AE9C52 /* Pokeapp */ = {
			isa = PBXGroup;
			children = (
				ECFA114727980C6A00AE9C52 /* PokemonResponse.swift */,
				ECFA11332798090900AE9C52 /* AppDelegate.swift */,
				ECFA11352798090900AE9C52 /* SceneDelegate.swift */,
				ECFA11372798090900AE9C52 /* ViewController.swift */,
				ECFA11392798090900AE9C52 /* Main.storyboard */,
				ECFA113C2798090C00AE9C52 /* Assets.xcassets */,
				ECFA113E2798090C00AE9C52 /* LaunchScreen.storyboard */,
				ECFA11412798090C00AE9C52 /* Info.plist */,
				ECFA11492798102700AE9C52 /* PokemonTableViewCell.swift */,
			);
			path = Pokeapp;
			sourceTree = "<group>";
		};
/* End PBXGroup section */

/* Begin PBXNativeTarget section */
		ECFA112F2798090900AE9C52 /* Pokeapp */ = {
			isa = PBXNativeTarget;
			buildConfigurationList = ECFA11442798090C00AE9C52 /* Build configuration list for PBXNativeTarget "Pokeapp" */;
			buildPhases = (
				ECFA112C2798090900AE9C52 /* Sources */,
				ECFA112D2798090900AE9C52 /* Frameworks */,
				ECFA112E2798090900AE9C52 /* Resources */,
			);
			buildRules = (
			);
			dependencies = (
			);
			name = Pokeapp;
			packageProductDependencies = (
				ECFA114C2798119300AE9C52 /* Alamofire */,
				ECFA114F27981F3D00AE9C52 /* Kingfisher */,
			);
			productName = Pokeapp;
			productReference = ECFA11302798090900AE9C52 /* Pokeapp.app */;
			productType = "com.apple.product-type.application";
		};
/* End PBXNativeTarget section */

/* Begin PBXProject section */
		ECFA11282798090900AE9C52 /* Project object */ = {
			isa = PBXProject;
			attributes = {
				BuildIndependentTargetsInParallel = 1;
				LastSwiftUpdateCheck = 1320;
				LastUpgradeCheck = 1320;
				TargetAttributes = {
					ECFA112F2798090900AE9C52 = {
						CreatedOnToolsVersion = 13.2.1;
					};
				};
			};
			buildConfigurationList = ECFA112B2798090900AE9C52 /* Build configuration list for PBXProject "Pokeapp" */;
			compatibilityVersion = "Xcode 13.0";
			developmentRegion = en;
			hasScannedForEncodings = 0;
			knownRegions = (
				en,
				Base,
			);
			mainGroup = ECFA11272798090900AE9C52;
			packageReferences = (
				ECFA114B2798119300AE9C52 /* XCRemoteSwiftPackageReference "Alamofire" */,
				ECFA114E27981F3D00AE9C52 /* XCRemoteSwiftPackageReference "kingfisher" */,
			);
			productRefGroup = ECFA11312798090900AE9C52 /* Products */;
			projectDirPath = "";
			projectRoot = "";
			targets = (
				ECFA112F2798090900AE9C52 /* Pokeapp */,
			);
		};
/* End PBXProject section */

/* Begin PBXResourcesBuildPhase section */
		ECFA112E2798090900AE9C52 /* Resources */ = {
			isa = PBXResourcesBuildPhase;
			buildActionMask = 2147483647;
			files = (
				ECFA11402798090C00AE9C52 /* LaunchScreen.storyboard in Resources */,
				ECFA113D2798090C00AE9C52 /* Assets.xcassets in Resources */,
				ECFA113B2798090900AE9C52 /* Main.storyboard in Resources */,
			);
			runOnlyForDeploymentPostprocessing = 0;
		};
/* End PBXResourcesBuildPhase section */

/* Begin PBXSourcesBuildPhase section */
		ECFA112C2798090900AE9C52 /* Sources */ = {
			isa = PBXSourcesBuildPhase;
			buildActionMask = 2147483647;
			files = (
				ECFA114827980C6A00AE9C52 /* PokemonResponse.swift in Sources */,
				ECFA11382798090900AE9C52 /* ViewController.swift in Sources */,
				ECFA11342798090900AE9C52 /* AppDelegate.swift in Sources */,
				ECFA114A2798102700AE9C52 /* PokemonTableViewCell.swift in Sources */,
				ECFA11362798090900AE9C52 /* SceneDelegate.swift in Sources */,
			);
			runOnlyForDeploymentPostprocessing = 0;
		};
/* End PBXSourcesBuildPhase section */

/* Begin PBXVariantGroup section */
		ECFA11392798090900AE9C52 /* Main.storyboard */ = {
			isa = PBXVariantGroup;
			children = (
				ECFA113A2798090900AE9C52 /* Base */,
			);
			name = Main.storyboard;
			sourceTree = "<group>";
		};
		ECFA113E2798090C00AE9C52 /* LaunchScreen.storyboard */ = {
			isa = PBXVariantGroup;
			children = (
				ECFA113F2798090C00AE9C52 /* Base */,
			);
			name = LaunchScreen.storyboard;
			sourceTree = "<group>";
		};
/* End PBXVariantGroup section */

/* Begin XCBuildConfiguration section */
		ECFA11422798090C00AE9C52 /* Debug */ = {
			isa = XCBuildConfiguration;
			buildSettings = {
				ALWAYS_SEARCH_USER_PATHS = NO;
				CLANG_ANALYZER_NONNULL = YES;
				CLANG_ANALYZER_NUMBER_OBJECT_CONVERSION = YES_AGGRESSIVE;
				CLANG_CXX_LANGUAGE_STANDARD = "gnu++17";
				CLANG_CXX_LIBRARY = "libc++";
				CLANG_ENABLE_MODULES = YES;
				CLANG_ENABLE_OBJC_ARC = YES;
				CLANG_ENABLE_OBJC_WEAK = YES;
				CLANG_WARN_BLOCK_CAPTURE_AUTORELEASING = YES;
				CLANG_WARN_BOOL_CONVERSION = YES;
				CLANG_WARN_COMMA = YES;
				CLANG_WARN_CONSTANT_CONVERSION = YES;
				CLANG_WARN_DEPRECATED_OBJC_IMPLEMENTATIONS = YES;
				CLANG_WARN_DIRECT_OBJC_ISA_USAGE = YES_ERROR;
				CLANG_WARN_DOCUMENTATION_COMMENTS = YES;
				CLANG_WARN_EMPTY_BODY = YES;
				CLANG_WARN_ENUM_CONVERSION = YES;
				CLANG_WARN_INFINITE_RECURSION = YES;
				CLANG_WARN_INT_CONVERSION = YES;
				CLANG_WARN_NON_LITERAL_NULL_CONVERSION = YES;
				CLANG_WARN_OBJC_IMPLICIT_RETAIN_SELF = YES;
				CLANG_WARN_OBJC_LITERAL_CONVERSION = YES;
				CLANG_WARN_OBJC_ROOT_CLASS = YES_ERROR;
				CLANG_WARN_QUOTED_INCLUDE_IN_FRAMEWORK_HEADER = YES;
				CLANG_WARN_RANGE_LOOP_ANALYSIS = YES;
				CLANG_WARN_STRICT_PROTOTYPES = YES;
				CLANG_WARN_SUSPICIOUS_MOVE = YES;
				CLANG_WARN_UNGUARDED_AVAILABILITY = YES_AGGRESSIVE;
				CLANG_WARN_UNREACHABLE_CODE = YES;
				CLANG_WARN__DUPLICATE_METHOD_MATCH = YES;
				COPY_PHASE_STRIP = NO;
				DEBUG_INFORMATION_FORMAT = dwarf;
				ENABLE_STRICT_OBJC_MSGSEND = YES;
				ENABLE_TESTABILITY = YES;
				GCC_C_LANGUAGE_STANDARD = gnu11;
				GCC_DYNAMIC_NO_PIC = NO;
				GCC_NO_COMMON_BLOCKS = YES;
				GCC_OPTIMIZATION_LEVEL = 0;
				GCC_PREPROCESSOR_DEFINITIONS = (
					"DEBUG=1",
					"$(inherited)",
				);
				GCC_WARN_64_TO_32_BIT_CONVERSION = YES;
				GCC_WARN_ABOUT_RETURN_TYPE = YES_ERROR;
				GCC_WARN_UNDECLARED_SELECTOR = YES;
				GCC_WARN_UNINITIALIZED_AUTOS = YES_AGGRESSIVE;
				GCC_WARN_UNUSED_FUNCTION = YES;
				GCC_WARN_UNUSED_VARIABLE = YES;
				IPHONEOS_DEPLOYMENT_TARGET = 15.2;
				MTL_ENABLE_DEBUG_INFO = INCLUDE_SOURCE;
				MTL_FAST_MATH = YES;
				ONLY_ACTIVE_ARCH = YES;
				SDKROOT = iphoneos;
				SWIFT_ACTIVE_COMPILATION_CONDITIONS = DEBUG;
				SWIFT_OPTIMIZATION_LEVEL = "-Onone";
			};
			name = Debug;
		};
		ECFA11432798090C00AE9C52 /* Release */ = {
			isa = XCBuildConfiguration;
			buildSettings = {
				ALWAYS_SEARCH_USER_PATHS = NO;
				CLANG_ANALYZER_NONNULL = YES;
				CLANG_ANALYZER_NUMBER_OBJECT_CONVERSION = YES_AGGRESSIVE;
				CLANG_CXX_LANGUAGE_STANDARD = "gnu++17";
				CLANG_CXX_LIBRARY = "libc++";
				CLANG_ENABLE_MODULES = YES;
				CLANG_ENABLE_OBJC_ARC = YES;
				CLANG_ENABLE_OBJC_WEAK = YES;
				CLANG_WARN_BLOCK_CAPTURE_AUTORELEASING = YES;
				CLANG_WARN_BOOL_CONVERSION = YES;
				CLANG_WARN_COMMA = YES;
				CLANG_WARN_CONSTANT_CONVERSION = YES;
				CLANG_WARN_DEPRECATED_OBJC_IMPLEMENTATIONS = YES;
				CLANG_WARN_DIRECT_OBJC_ISA_USAGE = YES_ERROR;
				CLANG_WARN_DOCUMENTATION_COMMENTS = YES;
				CLANG_WARN_EMPTY_BODY = YES;
				CLANG_WARN_ENUM_CONVERSION = YES;
				CLANG_WARN_INFINITE_RECURSION = YES;
				CLANG_WARN_INT_CONVERSION = YES;
				CLANG_WARN_NON_LITERAL_NULL_CONVERSION = YES;
				CLANG_WARN_OBJC_IMPLICIT_RETAIN_SELF = YES;
				CLANG_WARN_OBJC_LITERAL_CONVERSION = YES;
				CLANG_WARN_OBJC_ROOT_CLASS = YES_ERROR;
				CLANG_WARN_QUOTED_INCLUDE_IN_FRAMEWORK_HEADER = YES;
				CLANG_WARN_RANGE_LOOP_ANALYSIS = YES;
				CLANG_WARN_STRICT_PROTOTYPES = YES;
				CLANG_WARN_SUSPICIOUS_MOVE = YES;
				CLANG_WARN_UNGUARDED_AVAILABILITY = YES_AGGRESSIVE;
				CLANG_WARN_UNREACHABLE_CODE = YES;
				CLANG_WARN__DUPLICATE_METHOD_MATCH = YES;
				COPY_PHASE_STRIP = NO;
				DEBUG_INFORMATION_FORMAT = "dwarf-with-dsym";
				ENABLE_NS_ASSERTIONS = NO;
				ENABLE_STRICT_OBJC_MSGSEND = YES;
				GCC_C_LANGUAGE_STANDARD = gnu11;
				GCC_NO_COMMON_BLOCKS = YES;
				GCC_WARN_64_TO_32_BIT_CONVERSION = YES;
				GCC_WARN_ABOUT_RETURN_TYPE = YES_ERROR;
				GCC_WARN_UNDECLARED_SELECTOR = YES;
				GCC_WARN_UNINITIALIZED_AUTOS = YES_AGGRESSIVE;
				GCC_WARN_UNUSED_FUNCTION = YES;
				GCC_WARN_UNUSED_VARIABLE = YES;
				IPHONEOS_DEPLOYMENT_TARGET = 15.2;
				MTL_ENABLE_DEBUG_INFO = NO;
				MTL_FAST_MATH = YES;
				SDKROOT = iphoneos;
				SWIFT_COMPILATION_MODE = wholemodule;
				SWIFT_OPTIMIZATION_LEVEL = "-O";
				VALIDATE_PRODUCT = YES;
			};
			name = Release;
		};
		ECFA11452798090C00AE9C52 /* Debug */ = {
			isa = XCBuildConfiguration;
			buildSettings = {
				ASSETCATALOG_COMPILER_APPICON_NAME = AppIcon;
				ASSETCATALOG_COMPILER_GLOBAL_ACCENT_COLOR_NAME = AccentColor;
				CODE_SIGN_STYLE = Automatic;
				CURRENT_PROJECT_VERSION = 1;
				GENERATE_INFOPLIST_FILE = YES;
				INFOPLIST_FILE = Pokeapp/Info.plist;
				INFOPLIST_KEY_UIApplicationSupportsIndirectInputEvents = YES;
				INFOPLIST_KEY_UILaunchStoryboardName = LaunchScreen;
				INFOPLIST_KEY_UIMainStoryboardFile = Main;
				INFOPLIST_KEY_UISupportedInterfaceOrientations_iPad = "UIInterfaceOrientationPortrait UIInterfaceOrientationPortraitUpsideDown UIInterfaceOrientationLandscapeLeft UIInterfaceOrientationLandscapeRight";
				INFOPLIST_KEY_UISupportedInterfaceOrientations_iPhone = "UIInterfaceOrientationPortrait UIInterfaceOrientationLandscapeLeft UIInterfaceOrientationLandscapeRight";
				LD_RUNPATH_SEARCH_PATHS = (
					"$(inherited)",
					"@executable_path/Frameworks",
				);
				MARKETING_VERSION = 1.0;
				PRODUCT_BUNDLE_IDENTIFIER = com.ccm.pokeapp.Pokeapp;
				PRODUCT_NAME = "$(TARGET_NAME)";
				SWIFT_EMIT_LOC_STRINGS = YES;
				SWIFT_VERSION = 5.0;
				TARGETED_DEVICE_FAMILY = "1,2";
			};
			name = Debug;
		};
		ECFA11462798090C00AE9C52 /* Release */ = {
			isa = XCBuildConfiguration;
			buildSettings = {
				ASSETCATALOG_COMPILER_APPICON_NAME = AppIcon;
				ASSETCATALOG_COMPILER_GLOBAL_ACCENT_COLOR_NAME = AccentColor;
				CODE_SIGN_STYLE = Automatic;
				CURRENT_PROJECT_VERSION = 1;
				GENERATE_INFOPLIST_FILE = YES;
				INFOPLIST_FILE = Pokeapp/Info.plist;
				INFOPLIST_KEY_UIApplicationSupportsIndirectInputEvents = YES;
				INFOPLIST_KEY_UILaunchStoryboardName = LaunchScreen;
				INFOPLIST_KEY_UIMainStoryboardFile = Main;
				INFOPLIST_KEY_UISupportedInterfaceOrientations_iPad = "UIInterfaceOrientationPortrait UIInterfaceOrientationPortraitUpsideDown UIInterfaceOrientationLandscapeLeft UIInterfaceOrientationLandscapeRight";
				INFOPLIST_KEY_UISupportedInterfaceOrientations_iPhone = "UIInterfaceOrientationPortrait UIInterfaceOrientationLandscapeLeft UIInterfaceOrientationLandscapeRight";
				LD_RUNPATH_SEARCH_PATHS = (
					"$(inherited)",
					"@executable_path/Frameworks",
				);
				MARKETING_VERSION = 1.0;
				PRODUCT_BUNDLE_IDENTIFIER = com.ccm.pokeapp.Pokeapp;
				PRODUCT_NAME = "$(TARGET_NAME)";
				SWIFT_EMIT_LOC_STRINGS = YES;
				SWIFT_VERSION = 5.0;
				TARGETED_DEVICE_FAMILY = "1,2";
			};
			name = Release;
		};
/* End XCBuildConfiguration section */

/* Begin XCConfigurationList section */
		ECFA112B2798090900AE9C52 /* Build configuration list for PBXProject "Pokeapp" */ = {
			isa = XCConfigurationList;
			buildConfigurations = (
				ECFA11422798090C00AE9C52 /* Debug */,
				ECFA11432798090C00AE9C52 /* Release */,
			);
			defaultConfigurationIsVisible = 0;
			defaultConfigurationName = Release;
		};
		ECFA11442798090C00AE9C52 /* Build configuration list for PBXNativeTarget "Pokeapp" */ = {
			isa = XCConfigurationList;
			buildConfigurations = (
				ECFA11452798090C00AE9C52 /* Debug */,
				ECFA11462798090C00AE9C52 /* Release */,
			);
			defaultConfigurationIsVisible = 0;
			defaultConfigurationName = Release;
		};
/* End XCConfigurationList section */

/* Begin XCRemoteSwiftPackageReference section */
		ECFA114B2798119300AE9C52 /* XCRemoteSwiftPackageReference "Alamofire" */ = {
			isa = XCRemoteSwiftPackageReference;
			repositoryURL = "https://github.com/Alamofire/Alamofire.git";
			requirement = {
				branch = master;
				kind = branch;
			};
		};
		ECFA114E27981F3D00AE9C52 /* XCRemoteSwiftPackageReference "kingfisher" */ = {
			isa = XCRemoteSwiftPackageReference;
			repositoryURL = "https://github.com/onevcat/kingfisher";
			requirement = {
				kind = upToNextMajorVersion;
				minimumVersion = 7.0.0;
			};
		};
/* End XCRemoteSwiftPackageReference section */

/* Begin XCSwiftPackageProductDependency section */
		ECFA114C2798119300AE9C52 /* Alamofire */ = {
			isa = XCSwiftPackageProductDependency;
			package = ECFA114B2798119300AE9C52 /* XCRemoteSwiftPackageReference "Alamofire" */;
			productName = Alamofire;
		};
		ECFA114F27981F3D00AE9C52 /* Kingfisher */ = {
			isa = XCSwiftPackageProductDependency;
			package = ECFA114E27981F3D00AE9C52 /* XCRemoteSwiftPackageReference "kingfisher" */;
			productName = Kingfisher;
		};
/* End XCSwiftPackageProductDependency section */
	};
	rootObject = ECFA11282798090900AE9C52 /* Project object */;
}
